
Microsoft Visual Studio Solution File, Format Version 12.00
# Visual Studio 2012
Project("{FAE04EC0-301F-11D3-BF4B-00C04F79EFBC}") = "GUI", "GUI\GUI.csproj", "{9658AA66-E6B2-42DD-A71A-726C9848989B}"
EndProject
Project("{FAE04EC0-301F-11D3-BF4B-00C04F79EFBC}") = "Test", "Test\Test.csproj", "{03A781A4-3535-4CF2-BFB4-B5D53841D969}"
EndProject
Global
	GlobalSection(SolutionConfigurationPlatforms) = preSolution
		Debug|x86 = Debug|x86
		Release|x86 = Release|x86
	EndGlobalSection
	GlobalSection(ProjectConfigurationPlatforms) = postSolution
		{03A781A4-3535-4CF2-BFB4-B5D53841D969}.Debug|x86.ActiveCfg = Debug|Any CPU
		{03A781A4-3535-4CF2-BFB4-B5D53841D969}.Debug|x86.Build.0 = Debug|Any CPU
		{03A781A4-3535-4CF2-BFB4-B5D53841D969}.Release|x86.ActiveCfg = Release|Any CPU
		{03A781A4-3535-4CF2-BFB4-B5D53841D969}.Release|x86.Build.0 = Release|Any CPU
		{9658AA66-E6B2-42DD-A71A-726C9848989B}.Debug|x86.ActiveCfg = Debug|x86
		{9658AA66-E6B2-42DD-A71A-726C9848989B}.Debug|x86.Build.0 = Debug|x86
		{9658AA66-E6B2-42DD-A71A-726C9848989B}.Release|x86.ActiveCfg = Release|x86
		{9658AA66-E6B2-42DD-A71A-726C9848989B}.Release|x86.Build.0 = Release|x86
	EndGlobalSection
	GlobalSection(MonoDevelopProperties) = preSolution
		Policies = $0
		$0.DotNetNamingPolicy = $1
		$1.DirectoryNamespaceAssociation = None
		$1.ResourceNamePolicy = FileFormatDefault
		$0.TextStylePolicy = $2
		$2.FileWidth = 120
		$2.TabsToSpaces = False
		$2.inheritsSet = VisualStudio
		$2.inheritsScope = text/plain
		$2.scope = text/plain
		$0.TextStylePolicy = $3
		$3.FileWidth = 120
		$3.NoTabsAfterNonTabs = True
		$3.inheritsSet = VisualStudio
		$3.inheritsScope = text/plain
		$3.scope = text/x-csharp
		$0.CSharpFormattingPolicy = $4
		$4.AfterDelegateDeclarationParameterComma = True
		$4.inheritsSet = Mono
		$4.inheritsScope = text/x-csharp
		$4.scope = text/x-csharp
	EndGlobalSection
EndGlobal
